// !$*UTF8*$!
{
	archiveVersion = 1;
	classes = {
	};
	objectVersion = 56;
	objects = {

/* Begin PBXBuildFile section */
		615C60822B54E322002E6E47 /* HKWorkoutActivityType+Ext.swift in Sources */ = {isa = PBXBuildFile; fileRef = 615C60812B54E322002E6E47 /* HKWorkoutActivityType+Ext.swift */; };
		615C60882B6371A1002E6E47 /* ChartDataView.swift in Sources */ = {isa = PBXBuildFile; fileRef = 615C60872B6371A1002E6E47 /* ChartDataView.swift */; };
		615C608A2B637677002E6E47 /* ChartsViewModel.swift in Sources */ = {isa = PBXBuildFile; fileRef = 615C60892B637677002E6E47 /* ChartsViewModel.swift */; };
		615C608C2B6376B1002E6E47 /* MonthlyStepModel.swift in Sources */ = {isa = PBXBuildFile; fileRef = 615C608B2B6376B1002E6E47 /* MonthlyStepModel.swift */; };
		615C608E2B6376CA002E6E47 /* DailyStepModel.swift in Sources */ = {isa = PBXBuildFile; fileRef = 615C608D2B6376CA002E6E47 /* DailyStepModel.swift */; };
		615C60902B637714002E6E47 /* ChartOptions.swift in Sources */ = {isa = PBXBuildFile; fileRef = 615C608F2B637714002E6E47 /* ChartOptions.swift */; };
		61C105BD2B3FBC5100EE7EC0 /* HomeViewModel.swift in Sources */ = {isa = PBXBuildFile; fileRef = 61C105BC2B3FBC5100EE7EC0 /* HomeViewModel.swift */; };
		61C105C22B3FBD5700EE7EC0 /* Activity.swift in Sources */ = {isa = PBXBuildFile; fileRef = 61C105C12B3FBD5700EE7EC0 /* Activity.swift */; };
		61C105C62B3FBDD600EE7EC0 /* Workout.swift in Sources */ = {isa = PBXBuildFile; fileRef = 61C105C52B3FBDD600EE7EC0 /* Workout.swift */; };
		61C105C92B4667AD00EE7EC0 /* HealthManager.swift in Sources */ = {isa = PBXBuildFile; fileRef = 61C105C82B4667AD00EE7EC0 /* HealthManager.swift */; };
		61C5F7D02AF09474002FDC73 /* FitnessAppApp.swift in Sources */ = {isa = PBXBuildFile; fileRef = 61C5F7CF2AF09474002FDC73 /* FitnessAppApp.swift */; };
		61C5F7D22AF09474002FDC73 /* ContentView.swift in Sources */ = {isa = PBXBuildFile; fileRef = 61C5F7D12AF09474002FDC73 /* ContentView.swift */; };
		61C5F7D42AF09482002FDC73 /* Assets.xcassets in Resources */ = {isa = PBXBuildFile; fileRef = 61C5F7D32AF09482002FDC73 /* Assets.xcassets */; };
		61C5F7D72AF09482002FDC73 /* Preview Assets.xcassets in Resources */ = {isa = PBXBuildFile; fileRef = 61C5F7D62AF09482002FDC73 /* Preview Assets.xcassets */; };
		61C5F7DE2B01BA70002FDC73 /* FitnessTabView.swift in Sources */ = {isa = PBXBuildFile; fileRef = 61C5F7DD2B01BA70002FDC73 /* FitnessTabView.swift */; };
		61C5F7E02B01BB26002FDC73 /* HomeView.swift in Sources */ = {isa = PBXBuildFile; fileRef = 61C5F7DF2B01BB26002FDC73 /* HomeView.swift */; };
		61C5F7E22B01BBB2002FDC73 /* ChartsView.swift in Sources */ = {isa = PBXBuildFile; fileRef = 61C5F7E12B01BBB2002FDC73 /* ChartsView.swift */; };
		61C5F7E42B01C46D002FDC73 /* ProgressCircleView.swift in Sources */ = {isa = PBXBuildFile; fileRef = 61C5F7E32B01C46D002FDC73 /* ProgressCircleView.swift */; };
		61C5F7E72B0DAEB7002FDC73 /* ActivityCardView.swift in Sources */ = {isa = PBXBuildFile; fileRef = 61C5F7E62B0DAEB7002FDC73 /* ActivityCardView.swift */; };
		61C5F7E92B131BF6002FDC73 /* WorkoutCard.swift in Sources */ = {isa = PBXBuildFile; fileRef = 61C5F7E82B131BF6002FDC73 /* WorkoutCard.swift */; };
/* End PBXBuildFile section */

/* Begin PBXFileReference section */
		615C60812B54E322002E6E47 /* HKWorkoutActivityType+Ext.swift */ = {isa = PBXFileReference; lastKnownFileType = sourcecode.swift; path = "HKWorkoutActivityType+Ext.swift"; sourceTree = "<group>"; };
		615C60872B6371A1002E6E47 /* ChartDataView.swift */ = {isa = PBXFileReference; lastKnownFileType = sourcecode.swift; path = ChartDataView.swift; sourceTree = "<group>"; };
		615C60892B637677002E6E47 /* ChartsViewModel.swift */ = {isa = PBXFileReference; lastKnownFileType = sourcecode.swift; path = ChartsViewModel.swift; sourceTree = "<group>"; };
		615C608B2B6376B1002E6E47 /* MonthlyStepModel.swift */ = {isa = PBXFileReference; lastKnownFileType = sourcecode.swift; path = MonthlyStepModel.swift; sourceTree = "<group>"; };
		615C608D2B6376CA002E6E47 /* DailyStepModel.swift */ = {isa = PBXFileReference; lastKnownFileType = sourcecode.swift; path = DailyStepModel.swift; sourceTree = "<group>"; };
		615C608F2B637714002E6E47 /* ChartOptions.swift */ = {isa = PBXFileReference; lastKnownFileType = sourcecode.swift; path = ChartOptions.swift; sourceTree = "<group>"; };
		61C105BC2B3FBC5100EE7EC0 /* HomeViewModel.swift */ = {isa = PBXFileReference; lastKnownFileType = sourcecode.swift; path = HomeViewModel.swift; sourceTree = "<group>"; };
		61C105C12B3FBD5700EE7EC0 /* Activity.swift */ = {isa = PBXFileReference; lastKnownFileType = sourcecode.swift; path = Activity.swift; sourceTree = "<group>"; };
		61C105C52B3FBDD600EE7EC0 /* Workout.swift */ = {isa = PBXFileReference; lastKnownFileType = sourcecode.swift; path = Workout.swift; sourceTree = "<group>"; };
		61C105C72B46678800EE7EC0 /* FitnessApp.entitlements */ = {isa = PBXFileReference; lastKnownFileType = text.plist.entitlements; path = FitnessApp.entitlements; sourceTree = "<group>"; };
		61C105C82B4667AD00EE7EC0 /* HealthManager.swift */ = {isa = PBXFileReference; lastKnownFileType = sourcecode.swift; path = HealthManager.swift; sourceTree = "<group>"; };
		61C5F7CC2AF09474002FDC73 /* FitnessApp.app */ = {isa = PBXFileReference; explicitFileType = wrapper.application; includeInIndex = 0; path = FitnessApp.app; sourceTree = BUILT_PRODUCTS_DIR; };
		61C5F7CF2AF09474002FDC73 /* FitnessAppApp.swift */ = {isa = PBXFileReference; lastKnownFileType = sourcecode.swift; path = FitnessAppApp.swift; sourceTree = "<group>"; };
		61C5F7D12AF09474002FDC73 /* ContentView.swift */ = {isa = PBXFileReference; lastKnownFileType = sourcecode.swift; path = ContentView.swift; sourceTree = "<group>"; };
		61C5F7D32AF09482002FDC73 /* Assets.xcassets */ = {isa = PBXFileReference; lastKnownFileType = folder.assetcatalog; path = Assets.xcassets; sourceTree = "<group>"; };
		61C5F7D62AF09482002FDC73 /* Preview Assets.xcassets */ = {isa = PBXFileReference; lastKnownFileType = folder.assetcatalog; path = "Preview Assets.xcassets"; sourceTree = "<group>"; };
		61C5F7DD2B01BA70002FDC73 /* FitnessTabView.swift */ = {isa = PBXFileReference; lastKnownFileType = sourcecode.swift; path = FitnessTabView.swift; sourceTree = "<group>"; };
		61C5F7DF2B01BB26002FDC73 /* HomeView.swift */ = {isa = PBXFileReference; lastKnownFileType = sourcecode.swift; path = HomeView.swift; sourceTree = "<group>"; };
		61C5F7E12B01BBB2002FDC73 /* ChartsView.swift */ = {isa = PBXFileReference; lastKnownFileType = sourcecode.swift; path = ChartsView.swift; sourceTree = "<group>"; };
		61C5F7E32B01C46D002FDC73 /* ProgressCircleView.swift */ = {isa = PBXFileReference; lastKnownFileType = sourcecode.swift; path = ProgressCircleView.swift; sourceTree = "<group>"; };
		61C5F7E62B0DAEB7002FDC73 /* ActivityCardView.swift */ = {isa = PBXFileReference; lastKnownFileType = sourcecode.swift; path = ActivityCardView.swift; sourceTree = "<group>"; };
		61C5F7E82B131BF6002FDC73 /* WorkoutCard.swift */ = {isa = PBXFileReference; lastKnownFileType = sourcecode.swift; path = WorkoutCard.swift; sourceTree = "<group>"; };
/* End PBXFileReference section */

/* Begin PBXFrameworksBuildPhase section */
		61C5F7C92AF09474002FDC73 /* Frameworks */ = {
			isa = PBXFrameworksBuildPhase;
			buildActionMask = 2147483647;
			files = (
			);
			runOnlyForDeploymentPostprocessing = 0;
		};
/* End PBXFrameworksBuildPhase section */

/* Begin PBXGroup section */
		615C60802B54E154002E6E47 /* Util */ = {
			isa = PBXGroup;
			children = (
				615C60812B54E322002E6E47 /* HKWorkoutActivityType+Ext.swift */,
			);
			path = Util;
			sourceTree = "<group>";
		};
		615C60832B5CF401002E6E47 /* Charts */ = {
			isa = PBXGroup;
			children = (
				615C60862B5CF425002E6E47 /* Model */,
				615C60852B5CF41E002E6E47 /* ViewModel */,
				615C60842B5CF40C002E6E47 /* Views */,
			);
			path = Charts;
			sourceTree = "<group>";
		};
		615C60842B5CF40C002E6E47 /* Views */ = {
			isa = PBXGroup;
			children = (
				61C5F7E12B01BBB2002FDC73 /* ChartsView.swift */,
				615C60872B6371A1002E6E47 /* ChartDataView.swift */,
			);
			path = Views;
			sourceTree = "<group>";
		};
		615C60852B5CF41E002E6E47 /* ViewModel */ = {
			isa = PBXGroup;
			children = (
				615C60892B637677002E6E47 /* ChartsViewModel.swift */,
			);
			path = ViewModel;
			sourceTree = "<group>";
		};
		615C60862B5CF425002E6E47 /* Model */ = {
			isa = PBXGroup;
			children = (
				615C608B2B6376B1002E6E47 /* MonthlyStepModel.swift */,
				615C608D2B6376CA002E6E47 /* DailyStepModel.swift */,
				615C608F2B637714002E6E47 /* ChartOptions.swift */,
			);
			path = Model;
			sourceTree = "<group>";
		};
		61C105BE2B3FBC9700EE7EC0 /* ViewModel */ = {
			isa = PBXGroup;
			children = (
				61C105BC2B3FBC5100EE7EC0 /* HomeViewModel.swift */,
			);
			path = ViewModel;
			sourceTree = "<group>";
		};
		61C105BF2B3FBCA100EE7EC0 /* Model */ = {
			isa = PBXGroup;
			children = (
				61C105C12B3FBD5700EE7EC0 /* Activity.swift */,
				61C105C52B3FBDD600EE7EC0 /* Workout.swift */,
			);
			path = Model;
			sourceTree = "<group>";
		};
		61C105C02B3FBCA800EE7EC0 /* Views */ = {
			isa = PBXGroup;
			children = (
				61C5F7DF2B01BB26002FDC73 /* HomeView.swift */,
				61C5F7E62B0DAEB7002FDC73 /* ActivityCardView.swift */,
				61C5F7E32B01C46D002FDC73 /* ProgressCircleView.swift */,
				61C5F7E82B131BF6002FDC73 /* WorkoutCard.swift */,
			);
			path = Views;
			sourceTree = "<group>";
		};
		61C105CA2B4667FC00EE7EC0 /* Managers */ = {
			isa = PBXGroup;
			children = (
				61C105C82B4667AD00EE7EC0 /* HealthManager.swift */,
			);
			path = Managers;
			sourceTree = "<group>";
		};
		61C5F7C32AF09474002FDC73 = {
			isa = PBXGroup;
			children = (
				61C5F7CE2AF09474002FDC73 /* FitnessApp */,
				61C5F7CD2AF09474002FDC73 /* Products */,
			);
			sourceTree = "<group>";
		};
		61C5F7CD2AF09474002FDC73 /* Products */ = {
			isa = PBXGroup;
			children = (
				61C5F7CC2AF09474002FDC73 /* FitnessApp.app */,
			);
			name = Products;
			sourceTree = "<group>";
		};
		61C5F7CE2AF09474002FDC73 /* FitnessApp */ = {
			isa = PBXGroup;
			children = (
				615C60832B5CF401002E6E47 /* Charts */,
				615C60802B54E154002E6E47 /* Util */,
				61C105CA2B4667FC00EE7EC0 /* Managers */,
				61C5F7E52B0DAE80002FDC73 /* Home */,
				61C105C72B46678800EE7EC0 /* FitnessApp.entitlements */,
				61C5F7CF2AF09474002FDC73 /* FitnessAppApp.swift */,
				61C5F7D12AF09474002FDC73 /* ContentView.swift */,
				61C5F7D32AF09482002FDC73 /* Assets.xcassets */,
				61C5F7D52AF09482002FDC73 /* Preview Content */,
				61C5F7DD2B01BA70002FDC73 /* FitnessTabView.swift */,
			);
			path = FitnessApp;
			sourceTree = "<group>";
		};
		61C5F7D52AF09482002FDC73 /* Preview Content */ = {
			isa = PBXGroup;
			children = (
				61C5F7D62AF09482002FDC73 /* Preview Assets.xcassets */,
			);
			path = "Preview Content";
			sourceTree = "<group>";
		};
		61C5F7E52B0DAE80002FDC73 /* Home */ = {
			isa = PBXGroup;
			children = (
				61C105C02B3FBCA800EE7EC0 /* Views */,
				61C105BF2B3FBCA100EE7EC0 /* Model */,
				61C105BE2B3FBC9700EE7EC0 /* ViewModel */,
			);
			path = Home;
			sourceTree = "<group>";
		};
/* End PBXGroup section */

/* Begin PBXNativeTarget section */
		61C5F7CB2AF09474002FDC73 /* FitnessApp */ = {
			isa = PBXNativeTarget;
			buildConfigurationList = 61C5F7DA2AF09482002FDC73 /* Build configuration list for PBXNativeTarget "FitnessApp" */;
			buildPhases = (
				61C5F7C82AF09474002FDC73 /* Sources */,
				61C5F7C92AF09474002FDC73 /* Frameworks */,
				61C5F7CA2AF09474002FDC73 /* Resources */,
			);
			buildRules = (
			);
			dependencies = (
			);
			name = FitnessApp;
			productName = FitnessApp;
			productReference = 61C5F7CC2AF09474002FDC73 /* FitnessApp.app */;
			productType = "com.apple.product-type.application";
		};
/* End PBXNativeTarget section */

/* Begin PBXProject section */
		61C5F7C42AF09474002FDC73 /* Project object */ = {
			isa = PBXProject;
			attributes = {
				BuildIndependentTargetsInParallel = 1;
				LastSwiftUpdateCheck = 1500;
				LastUpgradeCheck = 1500;
				TargetAttributes = {
					61C5F7CB2AF09474002FDC73 = {
						CreatedOnToolsVersion = 15.0;
					};
				};
			};
			buildConfigurationList = 61C5F7C72AF09474002FDC73 /* Build configuration list for PBXProject "FitnessApp" */;
			compatibilityVersion = "Xcode 14.0";
			developmentRegion = en;
			hasScannedForEncodings = 0;
			knownRegions = (
				en,
				Base,
			);
			mainGroup = 61C5F7C32AF09474002FDC73;
			productRefGroup = 61C5F7CD2AF09474002FDC73 /* Products */;
			projectDirPath = "";
			projectRoot = "";
			targets = (
				61C5F7CB2AF09474002FDC73 /* FitnessApp */,
			);
		};
/* End PBXProject section */

/* Begin PBXResourcesBuildPhase section */
		61C5F7CA2AF09474002FDC73 /* Resources */ = {
			isa = PBXResourcesBuildPhase;
			buildActionMask = 2147483647;
			files = (
				61C5F7D72AF09482002FDC73 /* Preview Assets.xcassets in Resources */,
				61C5F7D42AF09482002FDC73 /* Assets.xcassets in Resources */,
			);
			runOnlyForDeploymentPostprocessing = 0;
		};
/* End PBXResourcesBuildPhase section */

/* Begin PBXSourcesBuildPhase section */
		61C5F7C82AF09474002FDC73 /* Sources */ = {
			isa = PBXSourcesBuildPhase;
			buildActionMask = 2147483647;
			files = (
				61C105C22B3FBD5700EE7EC0 /* Activity.swift in Sources */,
				615C608E2B6376CA002E6E47 /* DailyStepModel.swift in Sources */,
				61C5F7DE2B01BA70002FDC73 /* FitnessTabView.swift in Sources */,
				61C105BD2B3FBC5100EE7EC0 /* HomeViewModel.swift in Sources */,
				61C5F7E92B131BF6002FDC73 /* WorkoutCard.swift in Sources */,
				61C5F7E42B01C46D002FDC73 /* ProgressCircleView.swift in Sources */,
				615C60882B6371A1002E6E47 /* ChartDataView.swift in Sources */,
				61C5F7E02B01BB26002FDC73 /* HomeView.swift in Sources */,
				615C60822B54E322002E6E47 /* HKWorkoutActivityType+Ext.swift in Sources */,
				61C105C62B3FBDD600EE7EC0 /* Workout.swift in Sources */,
				615C608C2B6376B1002E6E47 /* MonthlyStepModel.swift in Sources */,
				61C105C92B4667AD00EE7EC0 /* HealthManager.swift in Sources */,
				61C5F7E72B0DAEB7002FDC73 /* ActivityCardView.swift in Sources */,
				615C60902B637714002E6E47 /* ChartOptions.swift in Sources */,
				61C5F7E22B01BBB2002FDC73 /* ChartsView.swift in Sources */,
				61C5F7D22AF09474002FDC73 /* ContentView.swift in Sources */,
				615C608A2B637677002E6E47 /* ChartsViewModel.swift in Sources */,
				61C5F7D02AF09474002FDC73 /* FitnessAppApp.swift in Sources */,
			);
			runOnlyForDeploymentPostprocessing = 0;
		};
/* End PBXSourcesBuildPhase section */

/* Begin XCBuildConfiguration section */
		61C5F7D82AF09482002FDC73 /* Debug */ = {
			isa = XCBuildConfiguration;
			buildSettings = {
				ALWAYS_SEARCH_USER_PATHS = NO;
				ASSETCATALOG_COMPILER_GENERATE_SWIFT_ASSET_SYMBOL_EXTENSIONS = YES;
				CLANG_ANALYZER_NONNULL = YES;
				CLANG_ANALYZER_NUMBER_OBJECT_CONVERSION = YES_AGGRESSIVE;
				CLANG_CXX_LANGUAGE_STANDARD = "gnu++20";
				CLANG_ENABLE_MODULES = YES;
				CLANG_ENABLE_OBJC_ARC = YES;
				CLANG_ENABLE_OBJC_WEAK = YES;
				CLANG_WARN_BLOCK_CAPTURE_AUTORELEASING = YES;
				CLANG_WARN_BOOL_CONVERSION = YES;
				CLANG_WARN_COMMA = YES;
				CLANG_WARN_CONSTANT_CONVERSION = YES;
				CLANG_WARN_DEPRECATED_OBJC_IMPLEMENTATIONS = YES;
				CLANG_WARN_DIRECT_OBJC_ISA_USAGE = YES_ERROR;
				CLANG_WARN_DOCUMENTATION_COMMENTS = YES;
				CLANG_WARN_EMPTY_BODY = YES;
				CLANG_WARN_ENUM_CONVERSION = YES;
				CLANG_WARN_INFINITE_RECURSION = YES;
				CLANG_WARN_INT_CONVERSION = YES;
				CLANG_WARN_NON_LITERAL_NULL_CONVERSION = YES;
				CLANG_WARN_OBJC_IMPLICIT_RETAIN_SELF = YES;
				CLANG_WARN_OBJC_LITERAL_CONVERSION = YES;
				CLANG_WARN_OBJC_ROOT_CLASS = YES_ERROR;
				CLANG_WARN_QUOTED_INCLUDE_IN_FRAMEWORK_HEADER = YES;
				CLANG_WARN_RANGE_LOOP_ANALYSIS = YES;
				CLANG_WARN_STRICT_PROTOTYPES = YES;
				CLANG_WARN_SUSPICIOUS_MOVE = YES;
				CLANG_WARN_UNGUARDED_AVAILABILITY = YES_AGGRESSIVE;
				CLANG_WARN_UNREACHABLE_CODE = YES;
				CLANG_WARN__DUPLICATE_METHOD_MATCH = YES;
				COPY_PHASE_STRIP = NO;
				DEBUG_INFORMATION_FORMAT = dwarf;
				ENABLE_STRICT_OBJC_MSGSEND = YES;
				ENABLE_TESTABILITY = YES;
				ENABLE_USER_SCRIPT_SANDBOXING = YES;
				GCC_C_LANGUAGE_STANDARD = gnu17;
				GCC_DYNAMIC_NO_PIC = NO;
				GCC_NO_COMMON_BLOCKS = YES;
				GCC_OPTIMIZATION_LEVEL = 0;
				GCC_PREPROCESSOR_DEFINITIONS = (
					"DEBUG=1",
					"$(inherited)",
				);
				GCC_WARN_64_TO_32_BIT_CONVERSION = YES;
				GCC_WARN_ABOUT_RETURN_TYPE = YES_ERROR;
				GCC_WARN_UNDECLARED_SELECTOR = YES;
				GCC_WARN_UNINITIALIZED_AUTOS = YES_AGGRESSIVE;
				GCC_WARN_UNUSED_FUNCTION = YES;
				GCC_WARN_UNUSED_VARIABLE = YES;
				IPHONEOS_DEPLOYMENT_TARGET = 17.0;
				LOCALIZATION_PREFERS_STRING_CATALOGS = YES;
				MTL_ENABLE_DEBUG_INFO = INCLUDE_SOURCE;
				MTL_FAST_MATH = YES;
				ONLY_ACTIVE_ARCH = YES;
				SDKROOT = iphoneos;
				SWIFT_ACTIVE_COMPILATION_CONDITIONS = "DEBUG $(inherited)";
				SWIFT_OPTIMIZATION_LEVEL = "-Onone";
			};
			name = Debug;
		};
		61C5F7D92AF09482002FDC73 /* Release */ = {
			isa = XCBuildConfiguration;
			buildSettings = {
				ALWAYS_SEARCH_USER_PATHS = NO;
				ASSETCATALOG_COMPILER_GENERATE_SWIFT_ASSET_SYMBOL_EXTENSIONS = YES;
				CLANG_ANALYZER_NONNULL = YES;
				CLANG_ANALYZER_NUMBER_OBJECT_CONVERSION = YES_AGGRESSIVE;
				CLANG_CXX_LANGUAGE_STANDARD = "gnu++20";
				CLANG_ENABLE_MODULES = YES;
				CLANG_ENABLE_OBJC_ARC = YES;
				CLANG_ENABLE_OBJC_WEAK = YES;
				CLANG_WARN_BLOCK_CAPTURE_AUTORELEASING = YES;
				CLANG_WARN_BOOL_CONVERSION = YES;
				CLANG_WARN_COMMA = YES;
				CLANG_WARN_CONSTANT_CONVERSION = YES;
				CLANG_WARN_DEPRECATED_OBJC_IMPLEMENTATIONS = YES;
				CLANG_WARN_DIRECT_OBJC_ISA_USAGE = YES_ERROR;
				CLANG_WARN_DOCUMENTATION_COMMENTS = YES;
				CLANG_WARN_EMPTY_BODY = YES;
				CLANG_WARN_ENUM_CONVERSION = YES;
				CLANG_WARN_INFINITE_RECURSION = YES;
				CLANG_WARN_INT_CONVERSION = YES;
				CLANG_WARN_NON_LITERAL_NULL_CONVERSION = YES;
				CLANG_WARN_OBJC_IMPLICIT_RETAIN_SELF = YES;
				CLANG_WARN_OBJC_LITERAL_CONVERSION = YES;
				CLANG_WARN_OBJC_ROOT_CLASS = YES_ERROR;
				CLANG_WARN_QUOTED_INCLUDE_IN_FRAMEWORK_HEADER = YES;
				CLANG_WARN_RANGE_LOOP_ANALYSIS = YES;
				CLANG_WARN_STRICT_PROTOTYPES = YES;
				CLANG_WARN_SUSPICIOUS_MOVE = YES;
				CLANG_WARN_UNGUARDED_AVAILABILITY = YES_AGGRESSIVE;
				CLANG_WARN_UNREACHABLE_CODE = YES;
				CLANG_WARN__DUPLICATE_METHOD_MATCH = YES;
				COPY_PHASE_STRIP = NO;
				DEBUG_INFORMATION_FORMAT = "dwarf-with-dsym";
				ENABLE_NS_ASSERTIONS = NO;
				ENABLE_STRICT_OBJC_MSGSEND = YES;
				ENABLE_USER_SCRIPT_SANDBOXING = YES;
				GCC_C_LANGUAGE_STANDARD = gnu17;
				GCC_NO_COMMON_BLOCKS = YES;
				GCC_WARN_64_TO_32_BIT_CONVERSION = YES;
				GCC_WARN_ABOUT_RETURN_TYPE = YES_ERROR;
				GCC_WARN_UNDECLARED_SELECTOR = YES;
				GCC_WARN_UNINITIALIZED_AUTOS = YES_AGGRESSIVE;
				GCC_WARN_UNUSED_FUNCTION = YES;
				GCC_WARN_UNUSED_VARIABLE = YES;
				IPHONEOS_DEPLOYMENT_TARGET = 17.0;
				LOCALIZATION_PREFERS_STRING_CATALOGS = YES;
				MTL_ENABLE_DEBUG_INFO = NO;
				MTL_FAST_MATH = YES;
				SDKROOT = iphoneos;
				SWIFT_COMPILATION_MODE = wholemodule;
				VALIDATE_PRODUCT = YES;
			};
			name = Release;
		};
		61C5F7DB2AF09482002FDC73 /* Debug */ = {
			isa = XCBuildConfiguration;
			buildSettings = {
				ASSETCATALOG_COMPILER_APPICON_NAME = AppIcon;
				ASSETCATALOG_COMPILER_GLOBAL_ACCENT_COLOR_NAME = AccentColor;
				CODE_SIGN_ENTITLEMENTS = FitnessApp/FitnessApp.entitlements;
				CODE_SIGN_STYLE = Automatic;
				CURRENT_PROJECT_VERSION = 1;
				DEVELOPMENT_ASSET_PATHS = "\"FitnessApp/Preview Content\"";
				DEVELOPMENT_TEAM = WYUMG3Z82V;
				ENABLE_PREVIEWS = YES;
				GENERATE_INFOPLIST_FILE = YES;
				INFOPLIST_KEY_NSHealthShareUsageDescription = "Please allow access to enjoy all features of the app";
				INFOPLIST_KEY_UIApplicationSceneManifest_Generation = YES;
				INFOPLIST_KEY_UIApplicationSupportsIndirectInputEvents = YES;
				INFOPLIST_KEY_UILaunchScreen_Generation = YES;
				INFOPLIST_KEY_UISupportedInterfaceOrientations_iPad = "UIInterfaceOrientationPortrait UIInterfaceOrientationPortraitUpsideDown UIInterfaceOrientationLandscapeLeft UIInterfaceOrientationLandscapeRight";
				INFOPLIST_KEY_UISupportedInterfaceOrientations_iPhone = "UIInterfaceOrientationPortrait UIInterfaceOrientationLandscapeLeft UIInterfaceOrientationLandscapeRight";
				LD_RUNPATH_SEARCH_PATHS = (
					"$(inherited)",
					"@executable_path/Frameworks",
				);
				MARKETING_VERSION = 1.0;
				PRODUCT_BUNDLE_IDENTIFIER = com.jordaus.FitnessApp;
				PRODUCT_NAME = "$(TARGET_NAME)";
				SWIFT_EMIT_LOC_STRINGS = YES;
				SWIFT_VERSION = 5.0;
				TARGETED_DEVICE_FAMILY = "1,2";
			};
			name = Debug;
		};
		61C5F7DC2AF09482002FDC73 /* Release */ = {
			isa = XCBuildConfiguration;
			buildSettings = {
				ASSETCATALOG_COMPILER_APPICON_NAME = AppIcon;
				ASSETCATALOG_COMPILER_GLOBAL_ACCENT_COLOR_NAME = AccentColor;
				CODE_SIGN_ENTITLEMENTS = FitnessApp/FitnessApp.entitlements;
				CODE_SIGN_STYLE = Automatic;
				CURRENT_PROJECT_VERSION = 1;
				DEVELOPMENT_ASSET_PATHS = "\"FitnessApp/Preview Content\"";
				DEVELOPMENT_TEAM = WYUMG3Z82V;
				ENABLE_PREVIEWS = YES;
				GENERATE_INFOPLIST_FILE = YES;
				INFOPLIST_KEY_NSHealthShareUsageDescription = "Please allow access to enjoy all features of the app";
				INFOPLIST_KEY_UIApplicationSceneManifest_Generation = YES;
				INFOPLIST_KEY_UIApplicationSupportsIndirectInputEvents = YES;
				INFOPLIST_KEY_UILaunchScreen_Generation = YES;
				INFOPLIST_KEY_UISupportedInterfaceOrientations_iPad = "UIInterfaceOrientationPortrait UIInterfaceOrientationPortraitUpsideDown UIInterfaceOrientationLandscapeLeft UIInterfaceOrientationLandscapeRight";
				INFOPLIST_KEY_UISupportedInterfaceOrientations_iPhone = "UIInterfaceOrientationPortrait UIInterfaceOrientationLandscapeLeft UIInterfaceOrientationLandscapeRight";
				LD_RUNPATH_SEARCH_PATHS = (
					"$(inherited)",
					"@executable_path/Frameworks",
				);
				MARKETING_VERSION = 1.0;
				PRODUCT_BUNDLE_IDENTIFIER = com.jordaus.FitnessApp;
				PRODUCT_NAME = "$(TARGET_NAME)";
				SWIFT_EMIT_LOC_STRINGS = YES;
				SWIFT_VERSION = 5.0;
				TARGETED_DEVICE_FAMILY = "1,2";
			};
			name = Release;
		};
/* End XCBuildConfiguration section */

/* Begin XCConfigurationList section */
		61C5F7C72AF09474002FDC73 /* Build configuration list for PBXProject "FitnessApp" */ = {
			isa = XCConfigurationList;
			buildConfigurations = (
				61C5F7D82AF09482002FDC73 /* Debug */,
				61C5F7D92AF09482002FDC73 /* Release */,
			);
			defaultConfigurationIsVisible = 0;
			defaultConfigurationName = Release;
		};
		61C5F7DA2AF09482002FDC73 /* Build configuration list for PBXNativeTarget "FitnessApp" */ = {
			isa = XCConfigurationList;
			buildConfigurations = (
				61C5F7DB2AF09482002FDC73 /* Debug */,
				61C5F7DC2AF09482002FDC73 /* Release */,
			);
			defaultConfigurationIsVisible = 0;
			defaultConfigurationName = Release;
		};
/* End XCConfigurationList section */
	};
	rootObject = 61C5F7C42AF09474002FDC73 /* Project object */;
}
